cloud.google.com/go v0.26.0/go.mod h1:aQUYkXzVsufM+DwF1aE+0xfcU+56JwCaLick0ClmMTw=
git.code.oa.com/going/attr v0.1.0/go.mod h1:pUqwr3oLufE1Q4Rs+zqLgLzvaXW1QMIPU9oi8k2c1tQ=
git.code.oa.com/going/attr v0.2.0/go.mod h1:zdzo8bilt3NH+rM3P5hiX2N8t3wDBJWlLi/hHuCpwVM=
git.code.oa.com/going/attr v0.3.0 h1:lwBG7SaFCphRAyxK8lxKqENTFaKATx5vW5os8iFs3HI=
git.code.oa.com/going/attr v0.3.0/go.mod h1:zdzo8bilt3NH+rM3P5hiX2N8t3wDBJWlLi/hHuCpwVM=
git.code.oa.com/going/cmlb v0.1.0/go.mod h1:oqCFxMfPEeRXCkMXKA+jyX1OP2pZt9jElDVn0EofE2U=
git.code.oa.com/going/dc v0.1.0/go.mod h1:D5wZO7SwbaLw1Wk/SCAi52fB5qavyQLCe1AQJ5WMguA=
git.code.oa.com/going/dc v0.1.1/go.mod h1:AU9y0VOCpsfIwbwNjn1nVsIzxjrrJmp0QmWPALzCtiQ=
git.code.oa.com/going/going v0.1.1/go.mod h1:EO+y0hM7Q6UpH6pzNEboktpCCKl0Y4k7XW3I+8aCFig=
git.code.oa.com/going/going v0.2.1/go.mod h1:JrHpjX1vz7benvVS8WogjADNQnWgB1/a3OAxJAWmpQ0=
git.code.oa.com/going/going v0.3.2 h1:sD5NrXIN2zOg245MCQ2utDWOv2Z8HA3VEpOdOWG93ec=
git.code.oa.com/going/going v0.3.2/go.mod h1:Ykk8Oz0/zGuURkLucrBBgki8fALEUGvYLrQVhyZ2esU=
git.code.oa.com/going/gojce v0.0.0-20190419121241-a81600083a2e/go.mod h1:i2AXSnt2kRUATO/1yR09fztIRiEJ3fBUui8EQoxNiCY=
git.code.oa.com/going/gojce v0.1.0/go.mod h1:yjYil6jGp9en2zaJh9/Ed5u5OhRP8iwzxcp/Oq+K4YI=
git.code.oa.com/going/hippo v0.1.0/go.mod h1:FWhkLGUx/kISKbGSLRCGiAEN+tPePWm1RYS0HBYqWRk=
git.code.oa.com/going/hippo v0.2.0/go.mod h1:PTGuSNCdf17AwTs2sMxCC1RA91Qp043uOZ7ZM76/AME=
git.code.oa.com/going/jm v0.0.0-20190315093012-05e1bb794d63/go.mod h1:w6WAN8wLEvpQqQyOwOVnTm5pG6qzPX3K63EPAUVHLPI=
git.code.oa.com/going/jsoncpp v1.0.0/go.mod h1:DBOiKRF9QY4wtQWL5tS09buCKElGMBvAHHgG3Hwrj40=
git.code.oa.com/going/l5 v0.1.0/go.mod h1:v9K4Sa+sc/nQxkRmFifd0xeK0rZaFJ15EOM9oeJT73Q=
git.code.oa.com/going/l5-cgo v0.1.0/go.mod h1:9r3Fs3HAGUncVFWq6Qq8/gxESMXdOa4ELjg7QAYg0wY=
git.code.oa.com/going/mic v0.1.0/go.mod h1:ME8SX+3Vd6XFYSlm+ick3JvHv4SEXNdAO/SBs8JqGp8=
git.code.oa.com/going/mic v0.1.1 h1:SqSO4Bb1BkRS5Lw8/o7eOK2KXN+RwnCQyTOuD2+T2Kc=
git.code.oa.com/going/mic v0.1.1/go.mod h1:ME8SX+3Vd6XFYSlm+ick3JvHv4SEXNdAO/SBs8JqGp8=
git.code.oa.com/going/msgq v0.1.1/go.mod h1:P5qJmVY6ztL/n1jEO3gnHhMUIfRX12zVfxVg8y6YQTU=
git.code.oa.com/going/ons v0.0.0-20190315095015-ec6383409dd7/go.mod h1:X5O/j3LP1BJIrWki4lKYMG9Z4G9uLSeY8FrqNRqOQXM=
git.code.oa.com/going/ons v0.1.0 h1:EYaLNZZGgJMf0DMmzCUjJ4nCYZqFwYdt1f/sHFPbqAY=
git.code.oa.com/going/ons v0.1.0/go.mod h1:X5O/j3LP1BJIrWki4lKYMG9Z4G9uLSeY8FrqNRqOQXM=
git.code.oa.com/going/polaris v0.0.0-20191118124412-34a3c785e5d7 h1:3lvcMR9Nc9zO22hM221wMcaxayMcFpJTb7oMLeZHXQ8=
git.code.oa.com/going/polaris v0.0.0-20191118124412-34a3c785e5d7/go.mod h1:hMTay9tLj3KJhzBmJQ0o3Z7lzsG3AsSTz1g3kM+vU1k=
git.code.oa.com/going/protocol v0.0.0-20190329120008-00a5fbfdcdd2/go.mod h1:0pbnH5IHPUF5amJ2kxtBsDA26noC0Arphz4PjDDHaac=
git.code.oa.com/going/protocol v0.0.0-20191204075657-d546fe8966d4 h1:vdkNh5tx9+JEYzG1hW2P8Nuee76OC4qsowjxtvNYeoI=
git.code.oa.com/going/protocol v0.0.0-20191204075657-d546fe8966d4/go.mod h1:ANRsxjRvzIGYZff/9qaGscGxGnKrEOCGueFRZYdcXyk=
git.code.oa.com/going/ptlogin v0.1.0/go.mod h1:tuR4GvkZdavVGCUjJPDsBtLEsPM0u6SWwh6lvkAfqhM=
git.code.oa.com/going/tdbank v0.1.0/go.mod h1:9CYL7gFzLltb1XfZfQzApPLiKQ70HrgbsthIiHca4S4=
git.code.oa.com/going/tube v0.0.0-20190329123109-f302fb82e784/go.mod h1:5zuKaj5ib2RohgXkD1mdpOS3IUQwzQEDQK7+oy0WhUk=
git.code.oa.com/going/uls v0.1.0/go.mod h1:NjAKS4/q1aZWqOonNRQwHZ85e4fGSTwlIX7IZ7JLASg=
git.code.oa.com/going/uls v0.3.0/go.mod h1:cncEFfBlFTRf8JyvryEjHc6umZ3YWrh39ntv3VGD94I=
git.code.oa.com/going/uls v0.5.0 h1:X5gayv3kWAQ3aSlKOxZUv4ByLUQAPBPTHPJk9i/M1s8=
git.code.oa.com/going/uls v0.5.0/go.mod h1:cncEFfBlFTRf8JyvryEjHc6umZ3YWrh39ntv3VGD94I=
git.code.oa.com/going/zmq3 v1.0.0/go.mod h1:6MFRsYCNQ9XwYLTa3/5tEOa7z2YDXDv7eFeOTPufvqI=
git.code.oa.com/going/zmq3 v1.1.0/go.mod h1:6MFRsYCNQ9XwYLTa3/5tEOa7z2YDXDv7eFeOTPufvqI=
git.code.oa.com/going/zmq3 v1.1.2 h1:n1MIth6zOPa1x2cAnCKJ2903JxlMGwayIy1FhUF+zRw=
git.code.oa.com/going/zmq3 v1.1.2/go.mod h1:6MFRsYCNQ9XwYLTa3/5tEOa7z2YDXDv7eFeOTPufvqI=
git.code.oa.com/ing/now_context v0.0.4/go.mod h1:2a4kxtdxOixoxjPjBxes7V0BzlvGkcdISMdeSoDWlRk=
git.code.oa.com/ing/now_going_util v0.0.6/go.mod h1:FYdrukvu3HGhTdtFKtZGoNFBOFb98p5Gp4YdqQGl5G0=
git.code.oa.com/ing/now_util v1.0.0/go.mod h1:Pv22sDMjpZZ4GU9A+XoHKjoAKQnj0VbsaQSJ8TrmSHQ=
git.code.oa.com/ing/now_util v1.0.2/go.mod h1:Pv22sDMjpZZ4GU9A+XoHKjoAKQnj0VbsaQSJ8TrmSHQ=
git.code.oa.com/jce/jce v1.0.1/go.mod h1:4Ki6YcRIQHwZkVQayDy4r+12hCQl8Yl6rWoGGYgKwJU=
git.code.oa.com/polaris/polaris-go v0.2.6 h1:8XCNhz7Xkh40Xv8vau9/T3j81DRh8IzzG0VDCCtdVAw=
git.code.oa.com/polaris/polaris-go v0.2.6/go.mod h1:iD194qdqFog9xf3eQ/DI6ryG6IUR8ZmHdsEgtYPfXjU=
git.code.oa.com/proto/ilive v1.0.1/go.mod h1:+jJzz25J/51wZoUF7fZK+7zudVIBieF3be9BpBWzeQ8=
git.code.oa.com/proto/ilive_points_mall v1.1.36 h1:TRLEotZNFkvjNMD1Y1L0SKWifShVRjKhz9t6mMRDiQE=
git.code.oa.com/proto/ilive_points_mall v1.1.36/go.mod h1:8P7fRt/lKmB1aXHD+gqAPy1yTsJmUfV9qZF18eMIJps=
git.code.oa.com/sng_ptc_co/unifysdk-go v0.0.0-20190509085223-efabdcc4fdf2/go.mod h1:eamwmjDXmY51PT4WjsgbWu/4L0FGrRBhRunb7n+CNQ8=
github.com/BurntSushi/toml v0.3.1 h1:WXkYYl6Yr3qBf1K79EBnL4mak0OimBfB0XUf9Vl28OQ=
github.com/BurntSushi/toml v0.3.1/go.mod h1:xHWCNGjB5oqiDr8zfno3MHue2Ht5sIBksp03qcyfWMU=
github.com/agiledragon/gomonkey v0.0.0-20190517145658-8fa491f7b918/go.mod h1:2NGfXu1a80LLr2cmWXGBDaHEjb1idR6+FVlX5T3D9hw=
github.com/allegro/bigcache v1.2.0/go.mod h1:Cb/ax3seSYIx7SuZdm2G2xzfwmv3TPSk2ucNfQESPXM=
github.com/census-instrumentation/opencensus-proto v0.2.1/go.mod h1:f6KPmirojxKA12rnyqOA5BBL4O983OfeGPqjHWSTneU=
github.com/client9/misspell v0.3.4/go.mod h1:qj6jICC3Q7zFZvVWo7KLAzC3yx5G7kyvSDkc90ppPyw=
github.com/davecgh/go-spew v1.1.0/go.mod h1:J7Y8YcW2NihsgmVo/mv3lAwl/skON4iLHjSsI+c5H38=
github.com/envoyproxy/go-control-plane v0.9.0/go.mod h1:YTl/9mNaCwkRvm6d1a2C3ymFceY/DCBVvsKhRF0iEA4=
github.com/envoyproxy/protoc-gen-validate v0.1.0/go.mod h1:iSmxcyjqTsJpI2R4NaDN7+kN2VEUnK/pcBlmesArF7c=
github.com/fortytw2/leaktest v1.2.0/go.mod h1:jDsjWgpAGjm2CA7WthBh/CdZYEPF31XHquHwclZch5g=
github.com/fsnotify/fsnotify v1.4.7/go.mod h1:jwhsz4b93w/PPRr/qN1Yymfu8t87LnFCMoQvtojpjFo=
github.com/garyburd/redigo v1.6.0/go.mod h1:NR3MbYisc3/PwhQ00EMzDiPmrwpPxAn5GI05/YaO1SY=
github.com/gitstliu/go-redis-cluster v0.0.0-20190226073442-d274d87c0bfa h1:OgwqzDQUODotcLLrAlcbA9P7g7V6bRI1nWadaVrI10g=
github.com/gitstliu/go-redis-cluster v0.0.0-20190226073442-d274d87c0bfa/go.mod h1:YZ/CN+LK1E5oPVzIxqqoDwvc7wv3fmJdrwmBvCpw6PU=
github.com/go-sql-driver/mysql v1.4.1/go.mod h1:zAC/RDZ24gD3HViQzih4MyKcchzm+sOG5ZlKdlhCg5w=
github.com/golang/glog v0.0.0-20160126235308-23def4e6c14b h1:VKtxabqXZkF25pY9ekfRL6a582T4P37/31XEstQ5p58=
github.com/golang/glog v0.0.0-20160126235308-23def4e6c14b/go.mod h1:SBH7ygxi8pfUlaOkMMuAQtPIUF8ecWP5IEl/CR7VP2Q=
github.com/golang/mock v1.1.1/go.mod h1:oTYuIxOrZwtPieC+H1uAHpcLFnEyAGVDL/k47Jfbm0A=
github.com/golang/protobuf v1.2.0/go.mod h1:6lQm79b+lXiMfvg/cZm0SGofjICqVBUtrP5yJMmIC1U=
github.com/golang/protobuf v1.3.1/go.mod h1:6lQm79b+lXiMfvg/cZm0SGofjICqVBUtrP5yJMmIC1U=
github.com/golang/protobuf v1.3.2 h1:6nsPYzhq5kReh6QImI3k5qWzO4PEbvbIW2cwSfR/6xs=
github.com/golang/protobuf v1.3.2/go.mod h1:6lQm79b+lXiMfvg/cZm0SGofjICqVBUtrP5yJMmIC1U=
github.com/golang/snappy v0.0.0-20180518054509-2e65f85255db/go.mod h1:/XxbfmMg8lxefKM7IXC3fBNl/7bRcc72aCRzEWrmP2Q=
github.com/gomodule/redigo v2.0.0+incompatible h1:K/R+8tc58AaqLkqG2Ol3Qk+DR/TlNuhuh457pBFPtt0=
github.com/gomodule/redigo v2.0.0+incompatible/go.mod h1:B4C85qUVwatsJoIUNIfCRsp7qO0iAmpGFZ4EELWSbC4=
github.com/google/go-cmp v0.2.0/go.mod h1:oXzfMopK8JAjlY9xF4vHSVASa0yLyX7SntLO5aqRK0M=
github.com/google/uuid v1.1.1/go.mod h1:TIyPZe4MgqvfeYDBFedMoGGpEw/LqOeaOT+nhxU+yHo=
github.com/gopherjs/gopherjs v0.0.0-20181017120253-0766667cb4d1/go.mod h1:wJfORRmW1u3UXTncJ5qlYoELFm8eSnnEO6hX4iZ3EWY=
github.com/gorilla/schema v1.0.2/go.mod h1:kgLaKoK1FELgZqMAVxx/5cbj0kT+57qxUrAlIO2eleU=
github.com/gorilla/schema v1.1.0 h1:CamqUDOFUBqzrvxuz2vEwo8+SUdwsluFh7IlzJh30LY=
github.com/gorilla/schema v1.1.0/go.mod h1:kgLaKoK1FELgZqMAVxx/5cbj0kT+57qxUrAlIO2eleU=
github.com/hashicorp/errwrap v1.0.0 h1:hLrqtEDnRye3+sgx6z4qVLNuviH3MR5aQ0ykNJa/UYA=
github.com/hashicorp/errwrap v1.0.0/go.mod h1:YH+1FKiLXxHSkmPseP+kNlulaMuP3n2brvKWEqk/Jc4=
github.com/hashicorp/go-multierror v1.0.0 h1:iVjPR7a6H0tWELX5NxNe7bYopibicUzc7uPribsnS6o=
github.com/hashicorp/go-multierror v1.0.0/go.mod h1:dHtQlpGsu+cZNNAkkCN/P3hoUDHhCYQXV3UM06sGGrk=
github.com/hpcloud/tail v1.0.0/go.mod h1:ab1qPbhIpdTxEkNHXyeSf5vhxWSCs/tWer42PpOxQnU=
github.com/json-iterator/go v1.1.6/go.mod h1:+SdeFBvtyEkXs7REEP0seUULqWtbJapLOCVDaaPEHmU=
github.com/jtolds/gls v4.20.0+incompatible/go.mod h1:QJZ7F/aHp+rZTRtaJ1ow/lLfFfVYBRgL+9YlvaHOwJU=
github.com/kr/pretty v0.1.0/go.mod h1:dAy3ld7l9f0ibDNOQOHHMYYIIbhfbHSm3C4ZsoJORNo=
github.com/kr/pty v1.1.1/go.mod h1:pFQYn66WHrOpPYNljwOMqo10TkYh1fy3cYio2l3bCsQ=
github.com/kr/text v0.1.0/go.mod h1:4Jbv+DJW3UT/LiOwJeYQe1efqtUx/iVham/4vfdArNI=
github.com/mailru/easyjson v0.0.0-20180730094502-03f2033d19d5/go.mod h1:C1wdFJiN94OJF2b5HbByQZoLdCWB1Yqtg26g4irojpc=
github.com/mitchellh/go-homedir v1.1.0 h1:lukF9ziXFxDFPkA1vsr5zpc1XuPDn/wFntq5mG+4E0Y=
github.com/mitchellh/go-homedir v1.1.0/go.mod h1:SfyaCUpYCn1Vlf4IUYiD9fPX4A5wJrkLzIz1N1q0pr0=
github.com/mitchellh/mapstructure v1.1.2 h1:fmNYVwqnSfB9mZU6OS2O6GsXM+wcskZDuKQzvN1EDeE=
github.com/mitchellh/mapstructure v1.1.2/go.mod h1:FVVH3fgwuzCH5S8UJGiWEs2h04kUh9fWfEaFds41c1Y=
github.com/mj9527/points_mall v1.0.0 h1:L0Dq0mjY7vNMUIZdDtVfcXF/Fm1keaRL0CwV8IvTbkE=
github.com/mj9527/points_mall v1.0.0/go.mod h1:/4BsqzD1y7e2BadhdRvoYuIT8H7pxTFKfhnS2femNHc=
github.com/mj9527/points_mall v1.0.2 h1:kMKL6ZEKu/Vs1TdFgINT2E8J52UYxXXL5OM8TIdihcQ=
github.com/mj9527/points_mall v1.0.2/go.mod h1:/4BsqzD1y7e2BadhdRvoYuIT8H7pxTFKfhnS2femNHc=
github.com/mj9527/points_mall v1.0.3-0.20191203104341-5237a46f0747 h1:PwkDWEVPsGoFxib9Lcw5ypXDBhsy5hqgguJiV/Oau5U=
github.com/mj9527/points_mall v1.0.3-0.20191203104341-5237a46f0747/go.mod h1:/4BsqzD1y7e2BadhdRvoYuIT8H7pxTFKfhnS2femNHc=
github.com/mj9527/points_mall v1.0.3-0.20191207144213-d95fa44b2e46 h1:uyeMbniAQEMzZelHBcEnCyzDh9pvc0mwpeky3VCLS5A=
github.com/mj9527/points_mall v1.0.3-0.20191207144213-d95fa44b2e46/go.mod h1:/4BsqzD1y7e2BadhdRvoYuIT8H7pxTFKfhnS2femNHc=
github.com/mj9527/points_mall v1.0.3-0.20191207150739-42bfee99a672 h1:0xXgOjrhNu8SxtCjg8QUkYA09qk3FCx+BzNfAVwn93k=
github.com/mj9527/points_mall v1.0.3-0.20191207150739-42bfee99a672/go.mod h1:/4BsqzD1y7e2BadhdRvoYuIT8H7pxTFKfhnS2femNHc=
github.com/mj9527/points_mall v1.0.3-0.20200325030829-cd4c84706135/go.mod h1:59YJUJ71DU5tAgL1dFglbIA9dKw5zMLhSWcTXhdad1Y=
github.com/mj9527/points_mall v1.0.3-0.20200325031955-36d45c39625b h1:YmT16+oHjqkGzkziDemEDCwn+bwjGw3zK66RGx6P8j4=
github.com/mj9527/points_mall v1.0.3-0.20200325031955-36d45c39625b/go.mod h1:/4BsqzD1y7e2BadhdRvoYuIT8H7pxTFKfhnS2femNHc=
github.com/mj9527/points_mall v1.0.3-0.20200325035949-73cbf130a358 h1:kt1UqjoJpQHUbKdMnIJZRgMcto7md5f97WRuCNAas7Q=
github.com/mj9527/points_mall v1.0.3-0.20200325035949-73cbf130a358/go.mod h1:/4BsqzD1y7e2BadhdRvoYuIT8H7pxTFKfhnS2femNHc=
github.com/modern-go/concurrent v0.0.0-20180306012644-bacd9c7ef1dd/go.mod h1:6dJC0mAP4ikYIbvyc7fijjWJddQyLn8Ig3JB5CqoB9Q=
github.com/modern-go/reflect2 v1.0.1/go.mod h1:bx2lNnkwVCuqBIxFjflWJWanXIb3RllmbCylyMrvgv0=
github.com/natefinch/lumberjack v2.0.0+incompatible h1:4QJd3OLAMgj7ph+yZTuX13Ld4UpgHp07nNdFX7mqFfM=
github.com/natefinch/lumberjack v2.0.0+incompatible/go.mod h1:Wi9p2TTF5DG5oU+6YfsmYQpsTIOm0B1VNzQg9Mw6nPk=
github.com/olivere/elastic v6.2.16+incompatible/go.mod h1:J+q1zQJTgAz9woqsbVRqGeB5G1iqDKVBWLNSYW8yfJ8=
github.com/onsi/ginkgo v1.6.0/go.mod h1:lLunBs/Ym6LB5Z9jYTR76FiuTmxDTDusOGeTQH+WWjE=
github.com/onsi/ginkgo v1.7.0/go.mod h1:lLunBs/Ym6LB5Z9jYTR76FiuTmxDTDusOGeTQH+WWjE=
github.com/onsi/gomega v1.4.3/go.mod h1:ex+gbHU/CVuBBDIJjb2X0qEXbFg53c61hWP/1CpauHY=
github.com/pkg/errors v0.8.0/go.mod h1:bwawxfHBFNV+L2hUp1rHADufV3IMtnDRdf1r5NINEl0=
github.com/pkg/errors v0.8.1/go.mod h1:bwawxfHBFNV+L2hUp1rHADufV3IMtnDRdf1r5NINEl0=
github.com/pmezard/go-difflib v1.0.0/go.mod h1:iKH77koFhYxTK1pcRnkKkqfTogsbg7gZNVY4sRDYZ/4=
github.com/prometheus/client_model v0.0.0-20190812154241-14fe0d1b01d4/go.mod h1:xMI15A0UPsDsEKsMN9yxemIoYk6Tm2C1GtYGdfGttqA=
github.com/robfig/cron v0.0.0-20180505203441-b41be1df6967/go.mod h1:JGuDeoQd7Z6yL4zQhZ3OPEVHB7fL6Ka6skscFHlog2k=
github.com/smartystreets/assertions v0.0.0-20180927180507-b2de0cb4f26d/go.mod h1:OnSkiWE9lh6wB0YB77sQom3nweQdgAjqCqsofrRNTgc=
github.com/smartystreets/go-aws-auth v0.0.0-20180515143844-0c1422d1fdb9/go.mod h1:SnhjPscd9TpLiy1LpzGSKh3bXCfxxXuqd9xmQJy3slM=
github.com/smartystreets/goconvey v0.0.0-20190731233626-505e41936337/go.mod h1:syvi0/a8iFYH4r/RixwvyeAJjdLS9QV7WQ/tjFTllLA=
github.com/stretchr/objx v0.1.0/go.mod h1:HFkY916IF+rwdDfMAkV7OtwuqBVzrE8GR6GFx+wExME=
github.com/stretchr/testify v1.3.0/go.mod h1:M5WIy9Dh21IEIfnGCwXGc5bZfKNJtfHm1UVUgZn+9EI=
github.com/stretchr/testify v1.4.0/go.mod h1:j7eGeouHqKxXV5pUuKE4zz7dFj8WfuZ+81PSLYec5m4=
github.com/syndtr/goleveldb v1.0.0/go.mod h1:ZVVdQEZoIme9iO1Ch2Jdy24qqXrMMOU6lpPAyBWyWuQ=
go.uber.org/atomic v1.4.0 h1:cxzIVoETapQEqDhQu3QfnvXAV4AlzcvUCxkVUFw3+EU=
go.uber.org/atomic v1.4.0/go.mod h1:gD2HeocX3+yG+ygLZcrzQJaqmWj9AIm7n08wl/qW/PE=
go.uber.org/multierr v1.2.0 h1:6I+W7f5VwC5SV9dNrZ3qXrDB9mD0dyGOi/ZJmYw03T4=
go.uber.org/multierr v1.2.0/go.mod h1:wR5kodmAFQ0UK8QlbwjlSNy0Z68gJhDJUG5sjR94q/0=
go.uber.org/zap v1.10.0 h1:ORx85nbTijNz8ljznvCMR1ZBIPKFn3jQrag10X2AsuM=
go.uber.org/zap v1.10.0/go.mod h1:vwi/ZaCAaUcBkycHslxD9B2zi4UTXhF60s6SWpuDF0Q=
golang.org/x/crypto v0.0.0-20190308221718-c2843e01d9a2/go.mod h1:djNgcEr1/C05ACkg1iLfiJU5Ep61QUkGW8qpdssI0+w=
golang.org/x/crypto v0.0.0-20190605123033-f99c8df09eb5/go.mod h1:yigFU9vqHzYiE8UmvKecakEJjdnWj3jj499lnFckfCI=
golang.org/x/exp v0.0.0-20190121172915-509febef88a4/go.mod h1:CJ0aWSM057203Lf6IL+f9T1iT9GByDxfZKAQTCR3kQA=
golang.org/x/lint v0.0.0-20181026193005-c67002cb31c3/go.mod h1:UVdnD1Gm6xHRNCYTkRU2/jEulfH38KcIWyp/GAMgvoE=
golang.org/x/lint v0.0.0-20190227174305-5b3e6a55c961/go.mod h1:wehouNa3lNwaWXcvxsM5YxQ5yQlVC4a0KAMCusXpPoU=
golang.org/x/lint v0.0.0-20190313153728-d0100b6bd8b3/go.mod h1:6SW0HCj/g11FgYtHlgUYUwCkIfeOF89ocIRzGO/8vkc=
golang.org/x/net v0.0.0-20180724234803-3673e40ba225/go.mod h1:mL1N/T3taQHkDXs73rZJwtUhF3w3ftmwwsq0BUmARs4=
golang.org/x/net v0.0.0-20180826012351-8a410e7b638d/go.mod h1:mL1N/T3taQHkDXs73rZJwtUhF3w3ftmwwsq0BUmARs4=
golang.org/x/net v0.0.0-20180906233101-161cd47e91fd/go.mod h1:mL1N/T3taQHkDXs73rZJwtUhF3w3ftmwwsq0BUmARs4=
golang.org/x/net v0.0.0-20190213061140-3a22650c66bd/go.mod h1:mL1N/T3taQHkDXs73rZJwtUhF3w3ftmwwsq0BUmARs4=
golang.org/x/net v0.0.0-20190311183353-d8887717615a h1:oWX7TPOiFAMXLq8o0ikBYfCJVlRHBcsciT5bXOrH628=
golang.org/x/net v0.0.0-20190311183353-d8887717615a/go.mod h1:t9HGtf8HONx5eT2rtn7q6eTqICYqUVnKs3thJo3Qplg=
golang.org/x/net v0.0.0-20190404232315-eb5bcb51f2a3/go.mod h1:t9HGtf8HONx5eT2rtn7q6eTqICYqUVnKs3thJo3Qplg=
golang.org/x/net v0.0.0-20190603091049-60506f45cf65 h1:+rhAzEzT3f4JtomfC371qB+0Ola2caSKcY69NUBZrRQ=
golang.org/x/net v0.0.0-20190603091049-60506f45cf65/go.mod h1:HSz+uSET+XFnRR8LxR5pz3Of3rY3CfYBVs4xY44aLks=
golang.org/x/oauth2 v0.0.0-20180821212333-d2e6202438be/go.mod h1:N/0e6XlmueqKjAGxoOufVs8QHGRruUQn6yWY3a++T0U=
golang.org/x/sync v0.0.0-20180314180146-1d60e4601c6f/go.mod h1:RxMgew5VJxzue5/jJTE5uejpjVlOe/izrB70Jof72aM=
golang.org/x/sync v0.0.0-20181108010431-42b317875d0f/go.mod h1:RxMgew5VJxzue5/jJTE5uejpjVlOe/izrB70Jof72aM=
golang.org/x/sync v0.0.0-20190227155943-e225da77a7e6/go.mod h1:RxMgew5VJxzue5/jJTE5uejpjVlOe/izrB70Jof72aM=
golang.org/x/sync v0.0.0-20190423024810-112230192c58/go.mod h1:RxMgew5VJxzue5/jJTE5uejpjVlOe/izrB70Jof72aM=
golang.org/x/sys v0.0.0-20180830151530-49385e6e1522/go.mod h1:STP8DvDyc/dI5b8T5hshtkjS+E42TnysNCUPdjciGhY=
golang.org/x/sys v0.0.0-20180909124046-d0be0721c37e/go.mod h1:STP8DvDyc/dI5b8T5hshtkjS+E42TnysNCUPdjciGhY=
golang.org/x/sys v0.0.0-20190215142949-d0b11bdaac8a h1:1BGLXjeY4akVXGgbC9HugT3Jv3hCI0z56oJR5vAMgBU=
golang.org/x/sys v0.0.0-20190215142949-d0b11bdaac8a/go.mod h1:STP8DvDyc/dI5b8T5hshtkjS+E42TnysNCUPdjciGhY=
golang.org/x/sys v0.0.0-20190412213103-97732733099d/go.mod h1:h1NjWce9XRLGQEsW7wpKNCjG9DtNlClVuFLEZdDNbEs=
golang.org/x/sys v0.0.0-20190606165138-5da285871e9c/go.mod h1:h1NjWce9XRLGQEsW7wpKNCjG9DtNlClVuFLEZdDNbEs=
golang.org/x/text v0.3.0 h1:g61tztE5qeGQ89tm6NTjjM9VPIm088od1l6aSorWRWg=
golang.org/x/text v0.3.0/go.mod h1:NqM8EUOU14njkJ3fqMW+pc6Ldnwhi/IjpwHt7yyuwOQ=
golang.org/x/text v0.3.2/go.mod h1:bEr9sfX3Q8Zfm5fL9x+3itogRgK3+ptLWKqgva+5dAk=
golang.org/x/tools v0.0.0-20180917221912-90fa682c2a6e/go.mod h1:n7NCudcB/nEzxVGmLbDWY5pfWTLqBcC2KZ6jyYvM4mQ=
golang.org/x/tools v0.0.0-20190114222345-bf090417da8b/go.mod h1:n7NCudcB/nEzxVGmLbDWY5pfWTLqBcC2KZ6jyYvM4mQ=
golang.org/x/tools v0.0.0-20190226205152-f727befe758c/go.mod h1:9Yl7xja0Znq3iFh3HoIrodX9oNMXvdceNzlUR8zjMvY=
golang.org/x/tools v0.0.0-20190311212946-11955173bddd/go.mod h1:LCzVGOaR6xXOjkQ3onu1FJEFr0SW1gC7cKk1uF8kGRs=
golang.org/x/tools v0.0.0-20190328211700-ab21143f2384/go.mod h1:LCzVGOaR6xXOjkQ3onu1FJEFr0SW1gC7cKk1uF8kGRs=
golang.org/x/tools v0.0.0-20190524140312-2c0ae7006135/go.mod h1:RgjU9mgBXZiqYHBnxXauZ1Gv1EHHAz9KjViQ78xBX0Q=
golang.org/x/tools v0.0.0-20190606124116-d0a3d012864b/go.mod h1:/rFqwRUd4F7ZHNgwSSTFct+R/Kf4OFW1sUzUTQQTgfc=
google.golang.org/appengine v1.1.0/go.mod h1:EbEs0AVv82hx2wNQdGPgUI5lhzA/G0D9YwlJXL52JkM=
google.golang.org/appengine v1.4.0/go.mod h1:xpcJRLb0r/rnEns0DIKYYv+WjYCduHsrkT7/EB5XEv4=
google.golang.org/appengine v1.5.0/go.mod h1:xpcJRLb0r/rnEns0DIKYYv+WjYCduHsrkT7/EB5XEv4=
google.golang.org/appengine v1.6.2/go.mod h1:i06prIuMbXzDqacNJfV5OdTW448YApPu5ww/cMBSeb0=
google.golang.org/genproto v0.0.0-20180817151627-c66870c02cf8/go.mod h1:JiN7NxoALGmiZfu7CAH4rXhgtRTLTxftemlI0sWmxmc=
google.golang.org/genproto v0.0.0-20190819201941-24fa4b261c55 h1:gSJIx1SDwno+2ElGhA4+qG2zF97qiUzTM+rQ0klBOcE=
google.golang.org/genproto v0.0.0-20190819201941-24fa4b261c55/go.mod h1:DMBHOl98Agz4BDEuKkezgsaosCRResVns1a3J2ZsMNc=
google.golang.org/grpc v1.19.0/go.mod h1:mqu4LbDTu4XGKhr4mRzUsmM4RtVoemTSY81AxZiDr8c=
google.golang.org/grpc v1.22.0/go.mod h1:Y5yQAOtifL1yxbo5wqy6BxZv8vAUGQwXBOALyacEbxg=
google.golang.org/grpc v1.23.0/go.mod h1:Y5yQAOtifL1yxbo5wqy6BxZv8vAUGQwXBOALyacEbxg=
google.golang.org/grpc v1.25.1 h1:wdKvqQk7IttEw92GoRyKG2IDrUIpgpj6H6m81yfeMW0=
google.golang.org/grpc v1.25.1/go.mod h1:c3i+UQWmh7LiEpx4sFZnkU36qjEYZ0imhYfXVyQciAY=
gopkg.in/check.v1 v0.0.0-20161208181325-20d25e280405/go.mod h1:Co6ibVJAznAaIkqp8huTwlJQCZ016jof/cbN4VW5Yz0=
gopkg.in/check.v1 v1.0.0-20180628173108-788fd7840127/go.mod h1:Co6ibVJAznAaIkqp8huTwlJQCZ016jof/cbN4VW5Yz0=
gopkg.in/fsnotify.v1 v1.4.7/go.mod h1:Tz8NjZHkW78fSQdbUxIjBTcgA1z1m8ZHf0WmKUhAMys=
gopkg.in/natefinch/lumberjack.v2 v2.0.0/go.mod h1:l0ndWWf7gzL7RNwBG7wST/UCcT4T24xpD6X8LsfU/+k=
gopkg.in/olivere/elastic.v5 v5.0.79/go.mod h1:uhHoB4o3bvX5sorxBU29rPcmBQdV2Qfg0FBrx5D6pV0=
gopkg.in/tomb.v1 v1.0.0-20141024135613-dd632973f1e7/go.mod h1:dt/ZhP58zS4L8KSrWDmTeBkI65Dw0HsyUHuEVlX15mw=
gopkg.in/validator.v2 v2.0.0-20180514200540-135c24b11c19/go.mod h1:o4V0GXN9/CAmCsvJ0oXYZvrZOe7syiDZSN1GWGZTGzc=
gopkg.in/yaml.v2 v2.2.1/go.mod h1:hI93XBmqTisBFMUTm0b8Fm+jr3Dg1NNxqwp+5A1VGuI=
gopkg.in/yaml.v2 v2.2.2 h1:ZCJp+EgiOT7lHqUV2J862kp8Qj64Jo6az82+3Td9dZw=
gopkg.in/yaml.v2 v2.2.2/go.mod h1:hI93XBmqTisBFMUTm0b8Fm+jr3Dg1NNxqwp+5A1VGuI=
honnef.co/go/tools v0.0.0-20190102054323-c2f93a96b099/go.mod h1:rf3lG4BRIbNafJWhAfAdb/ePZxsR/4RtNHQocxwk9r4=
honnef.co/go/tools v0.0.0-20190523083050-ea95bdfd59fc/go.mod h1:rf3lG4BRIbNafJWhAfAdb/ePZxsR/4RtNHQocxwk9r4=
